
Microsoft Visual Studio Solution File, Format Version 12.00
# Visual Studio Version 16
VisualStudioVersion = 16.0.31005.135
MinimumVisualStudioVersion = 10.0.40219.1
Project("{8BC9CEB8-8B4A-11D0-8D11-00A0C91BC942}") = "BlurBMPWithPriority", "BlurBMPWithPriority\BlurBMPWithPriority.vcxproj", "{FF893BA4-CBB0-48A9-8345-E828B29B930F}"
EndProject
Global
	GlobalSection(SolutionConfigurationPlatforms) = preSolution
		Debug|x64 = Debug|x64
		Debug|x86 = Debug|x86
		Release|x64 = Release|x64
		Release|x86 = Release|x86
	EndGlobalSection
	GlobalSection(ProjectConfigurationPlatforms) = postSolution
		{FF893BA4-CBB0-48A9-8345-E828B29B930F}.Debug|x64.ActiveCfg = Debug|x64
		{FF893BA4-CBB0-48A9-8345-E828B29B930F}.Debug|x64.Build.0 = Debug|x64
		{FF893BA4-CBB0-48A9-8345-E828B29B930F}.Debug|x86.ActiveCfg = Debug|Win32
		{FF893BA4-CBB0-48A9-8345-E828B29B930F}.Debug|x86.Build.0 = Debug|Win32
		{FF893BA4-CBB0-48A9-8345-E828B29B930F}.Release|x64.ActiveCfg = Release|x64
		{FF893BA4-CBB0-48A9-8345-E828B29B930F}.Release|x64.Build.0 = Release|x64
		{FF893BA4-CBB0-48A9-8345-E828B29B930F}.Release|x86.ActiveCfg = Release|Win32
		{FF893BA4-CBB0-48A9-8345-E828B29B930F}.Release|x86.Build.0 = Release|Win32
	EndGlobalSection
	GlobalSection(SolutionProperties) = preSolution
		HideSolutionNode = FALSE
	EndGlobalSection
	GlobalSection(ExtensibilityGlobals) = postSolution
		SolutionGuid = {BC53F6DB-2A32-40DE-ACF8-2A23CF53173F}
	EndGlobalSection
EndGlobal
